
Microsoft Visual Studio Solution File, Format Version 12.00
# Visual Studio 15
VisualStudioVersion = 15.0.27428.2043
MinimumVisualStudioVersion = 10.0.40219.1
Project("{FAE04EC0-301F-11D3-BF4B-00C04F79EFBC}") = "WebApi", "WebApi\WebApi.csproj", "{AACAC55E-65A5-45E9-A3B5-EAC7849CF926}"
EndProject
Project("{FAE04EC0-301F-11D3-BF4B-00C04F79EFBC}") = "ReceiverClient", "ReceiverClient\ReceiverClient.csproj", "{D60BCA01-1C8E-4CE6-86D9-FBB9042D69C5}"
EndProject
Global
	GlobalSection(SolutionConfigurationPlatforms) = preSolution
		Debug|Any CPU = Debug|Any CPU
		Release|Any CPU = Release|Any CPU
	EndGlobalSection
	GlobalSection(ProjectConfigurationPlatforms) = postSolution
		{AACAC55E-65A5-45E9-A3B5-EAC7849CF926}.Debug|Any CPU.ActiveCfg = Debug|Any CPU
		{AACAC55E-65A5-45E9-A3B5-EAC7849CF926}.Debug|Any CPU.Build.0 = Debug|Any CPU
		{AACAC55E-65A5-45E9-A3B5-EAC7849CF926}.Release|Any CPU.ActiveCfg = Release|Any CPU
		{AACAC55E-65A5-45E9-A3B5-EAC7849CF926}.Release|Any CPU.Build.0 = Release|Any CPU
		{D60BCA01-1C8E-4CE6-86D9-FBB9042D69C5}.Debug|Any CPU.ActiveCfg = Debug|Any CPU
		{D60BCA01-1C8E-4CE6-86D9-FBB9042D69C5}.Debug|Any CPU.Build.0 = Debug|Any CPU
		{D60BCA01-1C8E-4CE6-86D9-FBB9042D69C5}.Release|Any CPU.ActiveCfg = Release|Any CPU
		{D60BCA01-1C8E-4CE6-86D9-FBB9042D69C5}.Release|Any CPU.Build.0 = Release|Any CPU
	EndGlobalSection
	GlobalSection(SolutionProperties) = preSolution
		HideSolutionNode = FALSE
	EndGlobalSection
	GlobalSection(ExtensibilityGlobals) = postSolution
		SolutionGuid = {025DE122-73CC-44FF-A0D3-3116996809AE}
	EndGlobalSection
EndGlobal
