
Microsoft Visual Studio Solution File, Format Version 12.00
# Visual Studio 15
VisualStudioVersion = 15.0.27428.2043
MinimumVisualStudioVersion = 10.0.40219.1
Project("{FAE04EC0-301F-11D3-BF4B-00C04F79EFBC}") = "codxFrank.Demo.ServerSendEvent", "codxFrank.Demo.ServerSendEvent\codxFrank.Demo.ServerSendEvent.csproj", "{4D82A84E-C918-4951-8794-755925CC8ACF}"
EndProject
Global
	GlobalSection(SolutionConfigurationPlatforms) = preSolution
		Debug|Any CPU = Debug|Any CPU
		Release|Any CPU = Release|Any CPU
	EndGlobalSection
	GlobalSection(ProjectConfigurationPlatforms) = postSolution
		{4D82A84E-C918-4951-8794-755925CC8ACF}.Debug|Any CPU.ActiveCfg = Debug|Any CPU
		{4D82A84E-C918-4951-8794-755925CC8ACF}.Debug|Any CPU.Build.0 = Debug|Any CPU
		{4D82A84E-C918-4951-8794-755925CC8ACF}.Release|Any CPU.ActiveCfg = Release|Any CPU
		{4D82A84E-C918-4951-8794-755925CC8ACF}.Release|Any CPU.Build.0 = Release|Any CPU
	EndGlobalSection
	GlobalSection(SolutionProperties) = preSolution
		HideSolutionNode = FALSE
	EndGlobalSection
	GlobalSection(ExtensibilityGlobals) = postSolution
		SolutionGuid = {025DE122-73CC-44FF-A0D3-3116996809AE}
	EndGlobalSection
EndGlobal
